
Microsoft Visual Studio Solution File, Format Version 12.00
# Visual Studio Version 17
VisualStudioVersion = 17.14.36301.6 d17.14
MinimumVisualStudioVersion = 10.0.40219.1
Project("{FAE04EC0-301F-11D3-BF4B-00C04F79EFBC}") = "PdfFontInspector", "PdfFontInspector\PdfFontInspector.csproj", "{833CBB25-B1A4-40F2-A843-CCD73296C4DA}"
EndProject
Global
	GlobalSection(SolutionConfigurationPlatforms) = preSolution
		Debug|Any CPU = Debug|Any CPU
		Release|Any CPU = Release|Any CPU
	EndGlobalSection
	GlobalSection(ProjectConfigurationPlatforms) = postSolution
		{833CBB25-B1A4-40F2-A843-CCD73296C4DA}.Debug|Any CPU.ActiveCfg = Debug|Any CPU
		{833CBB25-B1A4-40F2-A843-CCD73296C4DA}.Debug|Any CPU.Build.0 = Debug|Any CPU
		{833CBB25-B1A4-40F2-A843-CCD73296C4DA}.Release|Any CPU.ActiveCfg = Release|Any CPU
		{833CBB25-B1A4-40F2-A843-CCD73296C4DA}.Release|Any CPU.Build.0 = Release|Any CPU
	EndGlobalSection
	GlobalSection(SolutionProperties) = preSolution
		HideSolutionNode = FALSE
	EndGlobalSection
	GlobalSection(ExtensibilityGlobals) = postSolution
		SolutionGuid = {75F17D34-ED0C-4718-A564-4D2727A93550}
	EndGlobalSection
EndGlobal
